
Microsoft Visual Studio Solution File, Format Version 12.00
# Visual Studio Version 17
VisualStudioVersion = 17.11.35303.130
MinimumVisualStudioVersion = 10.0.40219.1
Project("{9A19103F-16F7-4668-BE54-9A1E7A4F7556}") = "BusTicketSystem", "BusTicketSystem\BusTicketSystem.csproj", "{2A981895-7C7A-4122-BC7C-2388F626CBFF}"
EndProject
Project("{2150E333-8FDC-42A3-9474-1A3956D46DE8}") = "Elementos de la solución", "Elementos de la solución", "{EBBB0B7D-0604-4DD7-A133-C8DEFF02D43A}"
EndProject
Global
	GlobalSection(SolutionConfigurationPlatforms) = preSolution
		Debug|Any CPU = Debug|Any CPU
		Release|Any CPU = Release|Any CPU
	EndGlobalSection
	GlobalSection(ProjectConfigurationPlatforms) = postSolution
		{2A981895-7C7A-4122-BC7C-2388F626CBFF}.Debug|Any CPU.ActiveCfg = Debug|Any CPU
		{2A981895-7C7A-4122-BC7C-2388F626CBFF}.Debug|Any CPU.Build.0 = Debug|Any CPU
		{2A981895-7C7A-4122-BC7C-2388F626CBFF}.Release|Any CPU.ActiveCfg = Release|Any CPU
		{2A981895-7C7A-4122-BC7C-2388F626CBFF}.Release|Any CPU.Build.0 = Release|Any CPU
	EndGlobalSection
	GlobalSection(SolutionProperties) = preSolution
		HideSolutionNode = FALSE
	EndGlobalSection
	GlobalSection(ExtensibilityGlobals) = postSolution
		SolutionGuid = {F79B9A97-43A7-42F6-BB10-5CE49D524EFD}
	EndGlobalSection
EndGlobal
